
Microsoft Visual Studio Solution File, Format Version 12.00
# Visual Studio 14
VisualStudioVersion = 14.0.25123.0
MinimumVisualStudioVersion = 10.0.40219.1
Project("{FAE04EC0-301F-11D3-BF4B-00C04F79EFBC}") = "SalesApp", "SalesApp\SalesApp.csproj", "{DC18ACE2-F34B-48B2-8858-0C25F162DFC3}"
EndProject
Project("{FAE04EC0-301F-11D3-BF4B-00C04F79EFBC}") = "SalesApp.UnitTests", "SalesApp.UnitTests\SalesApp.UnitTests.csproj", "{0E4E4771-EE73-4D7B-BD61-94750400D930}"
EndProject
Global
	GlobalSection(SolutionConfigurationPlatforms) = preSolution
		Debug|Any CPU = Debug|Any CPU
		Release|Any CPU = Release|Any CPU
	EndGlobalSection
	GlobalSection(ProjectConfigurationPlatforms) = postSolution
		{DC18ACE2-F34B-48B2-8858-0C25F162DFC3}.Debug|Any CPU.ActiveCfg = Debug|Any CPU
		{DC18ACE2-F34B-48B2-8858-0C25F162DFC3}.Debug|Any CPU.Build.0 = Debug|Any CPU
		{DC18ACE2-F34B-48B2-8858-0C25F162DFC3}.Release|Any CPU.ActiveCfg = Release|Any CPU
		{DC18ACE2-F34B-48B2-8858-0C25F162DFC3}.Release|Any CPU.Build.0 = Release|Any CPU
		{0E4E4771-EE73-4D7B-BD61-94750400D930}.Debug|Any CPU.ActiveCfg = Debug|Any CPU
		{0E4E4771-EE73-4D7B-BD61-94750400D930}.Debug|Any CPU.Build.0 = Debug|Any CPU
		{0E4E4771-EE73-4D7B-BD61-94750400D930}.Release|Any CPU.ActiveCfg = Release|Any CPU
		{0E4E4771-EE73-4D7B-BD61-94750400D930}.Release|Any CPU.Build.0 = Release|Any CPU
	EndGlobalSection
	GlobalSection(SolutionProperties) = preSolution
		HideSolutionNode = FALSE
	EndGlobalSection
EndGlobal
